
Microsoft Visual Studio Solution File, Format Version 12.00
# Visual Studio Version 16
VisualStudioVersion = 16.0.31313.79
MinimumVisualStudioVersion = 10.0.40219.1
Project("{FAE04EC0-301F-11D3-BF4B-00C04F79EFBC}") = "MyATM", "MyATM\MyATM.csproj", "{79E6E3FD-F418-4270-8AAA-C59D6022DBDD}"
EndProject
Global
	GlobalSection(SolutionConfigurationPlatforms) = preSolution
		Debug|Any CPU = Debug|Any CPU
		Release|Any CPU = Release|Any CPU
	EndGlobalSection
	GlobalSection(ProjectConfigurationPlatforms) = postSolution
		{79E6E3FD-F418-4270-8AAA-C59D6022DBDD}.Debug|Any CPU.ActiveCfg = Debug|Any CPU
		{79E6E3FD-F418-4270-8AAA-C59D6022DBDD}.Debug|Any CPU.Build.0 = Debug|Any CPU
		{79E6E3FD-F418-4270-8AAA-C59D6022DBDD}.Release|Any CPU.ActiveCfg = Release|Any CPU
		{79E6E3FD-F418-4270-8AAA-C59D6022DBDD}.Release|Any CPU.Build.0 = Release|Any CPU
	EndGlobalSection
	GlobalSection(SolutionProperties) = preSolution
		HideSolutionNode = FALSE
	EndGlobalSection
	GlobalSection(ExtensibilityGlobals) = postSolution
		SolutionGuid = {9A751927-3117-407F-8263-FE2F54E99550}
	EndGlobalSection
EndGlobal
